
Microsoft Visual Studio Solution File, Format Version 12.00
# Visual Studio Version 17
VisualStudioVersion = 17.9.34728.123
MinimumVisualStudioVersion = 10.0.40219.1
Project("{9A19103F-16F7-4668-BE54-9A1E7A4F7556}") = "JeanCraftServer", "JeanCraftServer.csproj", "{9BCEF8AD-96D1-416C-969D-2401FCDB49FA}"
EndProject
Project("{FAE04EC0-301F-11D3-BF4B-00C04F79EFBC}") = "JeanCraftLibrary", "..\JeanCraftLibrary\JeanCraftLibrary.csproj", "{1ED4BBA8-DB48-4524-9620-5ED9E8BC9530}"
EndProject
Global
	GlobalSection(SolutionConfigurationPlatforms) = preSolution
		Debug|Any CPU = Debug|Any CPU
		Release|Any CPU = Release|Any CPU
	EndGlobalSection
	GlobalSection(ProjectConfigurationPlatforms) = postSolution
		{9BCEF8AD-96D1-416C-969D-2401FCDB49FA}.Debug|Any CPU.ActiveCfg = Debug|Any CPU
		{9BCEF8AD-96D1-416C-969D-2401FCDB49FA}.Debug|Any CPU.Build.0 = Debug|Any CPU
		{9BCEF8AD-96D1-416C-969D-2401FCDB49FA}.Release|Any CPU.ActiveCfg = Release|Any CPU
		{9BCEF8AD-96D1-416C-969D-2401FCDB49FA}.Release|Any CPU.Build.0 = Release|Any CPU
		{1ED4BBA8-DB48-4524-9620-5ED9E8BC9530}.Debug|Any CPU.ActiveCfg = Debug|Any CPU
		{1ED4BBA8-DB48-4524-9620-5ED9E8BC9530}.Debug|Any CPU.Build.0 = Debug|Any CPU
		{1ED4BBA8-DB48-4524-9620-5ED9E8BC9530}.Release|Any CPU.ActiveCfg = Release|Any CPU
		{1ED4BBA8-DB48-4524-9620-5ED9E8BC9530}.Release|Any CPU.Build.0 = Release|Any CPU
	EndGlobalSection
	GlobalSection(SolutionProperties) = preSolution
		HideSolutionNode = FALSE
	EndGlobalSection
	GlobalSection(ExtensibilityGlobals) = postSolution
		SolutionGuid = {B1E044B0-D73D-46DA-A1B9-FA5BADE1B933}
	EndGlobalSection
EndGlobal
